
Microsoft Visual Studio Solution File, Format Version 12.00
# Visual Studio 14
VisualStudioVersion = 14.0.25123.0
MinimumVisualStudioVersion = 10.0.40219.1
Project("{8BC9CEB8-8B4A-11D0-8D11-00A0C91BC942}") = "DLL_MyGaze_2", "MyGaze_DLL_2_2015.vcxproj", "{E25052C9-EA7E-49D4-A188-0FF932FA792F}"
EndProject
Global
	GlobalSection(SolutionConfigurationPlatforms) = preSolution
		Debug|x86 = Debug|x86
		Release|x86 = Release|x86
	EndGlobalSection
	GlobalSection(ProjectConfigurationPlatforms) = postSolution
		{E25052C9-EA7E-49D4-A188-0FF932FA792F}.Debug|x86.ActiveCfg = Debug|Win32
		{E25052C9-EA7E-49D4-A188-0FF932FA792F}.Debug|x86.Build.0 = Debug|Win32
		{E25052C9-EA7E-49D4-A188-0FF932FA792F}.Release|x86.ActiveCfg = Release|Win32
		{E25052C9-EA7E-49D4-A188-0FF932FA792F}.Release|x86.Build.0 = Release|Win32
	EndGlobalSection
	GlobalSection(SolutionProperties) = preSolution
		HideSolutionNode = FALSE
	EndGlobalSection
EndGlobal
